
Microsoft Visual Studio Solution File, Format Version 12.00
# Visual Studio Version 17
VisualStudioVersion = 17.0.31903.59
MinimumVisualStudioVersion = 10.0.40219.1
Project("{FAE04EC0-301F-11D3-BF4B-00C04F79EFBC}") = "PositionalReader.Tests", "PositionalReader.Tests\PositionalReader.Tests.csproj", "{46F1B52E-90D8-4A01-AC0F-935DA86A241E}"
EndProject
Global
	GlobalSection(SolutionConfigurationPlatforms) = preSolution
		Debug|Any CPU = Debug|Any CPU
		Release|Any CPU = Release|Any CPU
	EndGlobalSection
	GlobalSection(ProjectConfigurationPlatforms) = postSolution
		{46F1B52E-90D8-4A01-AC0F-935DA86A241E}.Debug|Any CPU.ActiveCfg = Debug|Any CPU
		{46F1B52E-90D8-4A01-AC0F-935DA86A241E}.Debug|Any CPU.Build.0 = Debug|Any CPU
		{46F1B52E-90D8-4A01-AC0F-935DA86A241E}.Release|Any CPU.ActiveCfg = Release|Any CPU
		{46F1B52E-90D8-4A01-AC0F-935DA86A241E}.Release|Any CPU.Build.0 = Release|Any CPU
	EndGlobalSection
	GlobalSection(SolutionProperties) = preSolution
		HideSolutionNode = FALSE
	EndGlobalSection
	GlobalSection(ExtensibilityGlobals) = postSolution
		SolutionGuid = {2E3537C9-224F-44E1-A893-223133894967}
	EndGlobalSection
EndGlobal
